
Microsoft Visual Studio Solution File, Format Version 12.00
# Visual Studio Version 17
VisualStudioVersion = 17.12.35527.113
MinimumVisualStudioVersion = 10.0.40219.1
Project("{FAE04EC0-301F-11D3-BF4B-00C04F79EFBC}") = "EventManagementSystem", "EventManagementSystem\EventManagementSystem.csproj", "{ABDB53BD-A952-46F5-9EC1-067D2518D857}"
EndProject
Project("{2150E333-8FDC-42A3-9474-1A3956D46DE8}") = "Tests", "Tests", "{18A16F40-0CB9-4595-8DA7-6CF6E17FE849}"
EndProject
Project("{2150E333-8FDC-42A3-9474-1A3956D46DE8}") = "PerformanceTests-JMeter", "PerformanceTests-JMeter", "{02EA681E-C7D8-13C7-8484-4AC65E1B71E8}"
	ProjectSection(SolutionItems) = preProject
		ASP.NET Core Performance Test.jmx = ASP.NET Core Performance Test.jmx
		HTTP Request- Create EVENT POST.jmx = HTTP Request- Create EVENT POST.jmx
		JWTTokenTestPlam.jmx = JWTTokenTestPlam.jmx
		PostWithAutoToken.jmx = PostWithAutoToken.jmx
	EndProjectSection
EndProject
Project("{2150E333-8FDC-42A3-9474-1A3956D46DE8}") = "Data", "Data", "{C13CAF26-EE62-4763-9D7F-2605B3114132}"
	ProjectSection(SolutionItems) = preProject
		events.csv = events.csv
		event_ids.csv = event_ids.csv
	EndProjectSection
EndProject
Project("{FAE04EC0-301F-11D3-BF4B-00C04F79EFBC}") = "EventManagementSystem.UnitTests", "Tests\EventManagementSystem.UnitTests\EventManagementSystem.UnitTests.csproj", "{1C4D355A-C2EA-0A07-B47A-91AC3E144A3E}"
EndProject
Project("{FAE04EC0-301F-11D3-BF4B-00C04F79EFBC}") = "EventManagementSystem.IntegrationTests", "Tests\EventManagementSystem.IntegrationTests\EventManagementSystem.IntegrationTests.csproj", "{2547EA4E-1367-941E-7BED-7A333F5F7C69}"
EndProject
Global
	GlobalSection(SolutionConfigurationPlatforms) = preSolution
		Debug|Any CPU = Debug|Any CPU
		Release|Any CPU = Release|Any CPU
	EndGlobalSection
	GlobalSection(ProjectConfigurationPlatforms) = postSolution
		{ABDB53BD-A952-46F5-9EC1-067D2518D857}.Debug|Any CPU.ActiveCfg = Debug|Any CPU
		{ABDB53BD-A952-46F5-9EC1-067D2518D857}.Debug|Any CPU.Build.0 = Debug|Any CPU
		{ABDB53BD-A952-46F5-9EC1-067D2518D857}.Release|Any CPU.ActiveCfg = Release|Any CPU
		{ABDB53BD-A952-46F5-9EC1-067D2518D857}.Release|Any CPU.Build.0 = Release|Any CPU
		{1C4D355A-C2EA-0A07-B47A-91AC3E144A3E}.Debug|Any CPU.ActiveCfg = Debug|Any CPU
		{1C4D355A-C2EA-0A07-B47A-91AC3E144A3E}.Debug|Any CPU.Build.0 = Debug|Any CPU
		{1C4D355A-C2EA-0A07-B47A-91AC3E144A3E}.Release|Any CPU.ActiveCfg = Release|Any CPU
		{1C4D355A-C2EA-0A07-B47A-91AC3E144A3E}.Release|Any CPU.Build.0 = Release|Any CPU
		{2547EA4E-1367-941E-7BED-7A333F5F7C69}.Debug|Any CPU.ActiveCfg = Debug|Any CPU
		{2547EA4E-1367-941E-7BED-7A333F5F7C69}.Debug|Any CPU.Build.0 = Debug|Any CPU
		{2547EA4E-1367-941E-7BED-7A333F5F7C69}.Release|Any CPU.ActiveCfg = Release|Any CPU
		{2547EA4E-1367-941E-7BED-7A333F5F7C69}.Release|Any CPU.Build.0 = Release|Any CPU
	EndGlobalSection
	GlobalSection(SolutionProperties) = preSolution
		HideSolutionNode = FALSE
	EndGlobalSection
	GlobalSection(NestedProjects) = preSolution
		{02EA681E-C7D8-13C7-8484-4AC65E1B71E8} = {18A16F40-0CB9-4595-8DA7-6CF6E17FE849}
		{C13CAF26-EE62-4763-9D7F-2605B3114132} = {02EA681E-C7D8-13C7-8484-4AC65E1B71E8}
		{1C4D355A-C2EA-0A07-B47A-91AC3E144A3E} = {18A16F40-0CB9-4595-8DA7-6CF6E17FE849}
		{2547EA4E-1367-941E-7BED-7A333F5F7C69} = {18A16F40-0CB9-4595-8DA7-6CF6E17FE849}
	EndGlobalSection
	GlobalSection(ExtensibilityGlobals) = postSolution
		SolutionGuid = {CCCFBCF8-C73D-4BC5-A0D3-A46C1A38C56C}
	EndGlobalSection
EndGlobal
